
Microsoft Visual Studio Solution File, Format Version 12.00
# Visual Studio 15
VisualStudioVersion = 15.0.28124.53
MinimumVisualStudioVersion = 10.0.40219.1
Project("{9A19103F-16F7-4668-BE54-9A1E7A4F7556}") = "DDD.Framework.Core", "DDD.Framework.Core\DDD.Framework.Core.csproj", "{0E18DE57-D44D-4692-A593-D02EDF23B8F7}"
EndProject
Project("{2150E333-8FDC-42A3-9474-1A3956D46DE8}") = "ExampleProject", "ExampleProject", "{24053A78-431D-4BA0-998D-9018BE2942A1}"
	ProjectSection(SolutionItems) = preProject
		WeekOfYear.cs = WeekOfYear.cs
	EndProjectSection
EndProject
Project("{FAE04EC0-301F-11D3-BF4B-00C04F79EFBC}") = "Bgg.FamilyMenu.Api.Contracts", "Bgg.FamilyMenu.Api.Contracts\Bgg.FamilyMenu.Api.Contracts.csproj", "{B60468AA-17D6-4A35-B8F8-897838C66971}"
EndProject
Project("{FAE04EC0-301F-11D3-BF4B-00C04F79EFBC}") = "Bgg.FamilyMenu.Contracts", "Bgg.FamilyMenu.Contracts\Bgg.FamilyMenu.Contracts.csproj", "{680B96B2-F829-4A14-A97B-BA76D0438703}"
EndProject
Global
	GlobalSection(SolutionConfigurationPlatforms) = preSolution
		Debug|Any CPU = Debug|Any CPU
		Release|Any CPU = Release|Any CPU
	EndGlobalSection
	GlobalSection(ProjectConfigurationPlatforms) = postSolution
		{0E18DE57-D44D-4692-A593-D02EDF23B8F7}.Debug|Any CPU.ActiveCfg = Debug|Any CPU
		{0E18DE57-D44D-4692-A593-D02EDF23B8F7}.Debug|Any CPU.Build.0 = Debug|Any CPU
		{0E18DE57-D44D-4692-A593-D02EDF23B8F7}.Release|Any CPU.ActiveCfg = Release|Any CPU
		{0E18DE57-D44D-4692-A593-D02EDF23B8F7}.Release|Any CPU.Build.0 = Release|Any CPU
		{B60468AA-17D6-4A35-B8F8-897838C66971}.Debug|Any CPU.ActiveCfg = Debug|Any CPU
		{B60468AA-17D6-4A35-B8F8-897838C66971}.Debug|Any CPU.Build.0 = Debug|Any CPU
		{B60468AA-17D6-4A35-B8F8-897838C66971}.Release|Any CPU.ActiveCfg = Release|Any CPU
		{B60468AA-17D6-4A35-B8F8-897838C66971}.Release|Any CPU.Build.0 = Release|Any CPU
		{680B96B2-F829-4A14-A97B-BA76D0438703}.Debug|Any CPU.ActiveCfg = Debug|Any CPU
		{680B96B2-F829-4A14-A97B-BA76D0438703}.Debug|Any CPU.Build.0 = Debug|Any CPU
		{680B96B2-F829-4A14-A97B-BA76D0438703}.Release|Any CPU.ActiveCfg = Release|Any CPU
		{680B96B2-F829-4A14-A97B-BA76D0438703}.Release|Any CPU.Build.0 = Release|Any CPU
	EndGlobalSection
	GlobalSection(SolutionProperties) = preSolution
		HideSolutionNode = FALSE
	EndGlobalSection
	GlobalSection(NestedProjects) = preSolution
		{B60468AA-17D6-4A35-B8F8-897838C66971} = {24053A78-431D-4BA0-998D-9018BE2942A1}
		{680B96B2-F829-4A14-A97B-BA76D0438703} = {24053A78-431D-4BA0-998D-9018BE2942A1}
	EndGlobalSection
EndGlobal
